
Microsoft Visual Studio Solution File, Format Version 12.00
# Visual Studio 15
VisualStudioVersion = 15.0.28010.2016
MinimumVisualStudioVersion = 10.0.40219.1
Project("{FAE04EC0-301F-11D3-BF4B-00C04F79EFBC}") = "teste", "teste\teste.csproj", "{45B933E9-0576-4B9B-B3E3-73CB7B7BACBA}"
EndProject
Global
	GlobalSection(SolutionConfigurationPlatforms) = preSolution
		Debug|Any CPU = Debug|Any CPU
		Release|Any CPU = Release|Any CPU
	EndGlobalSection
	GlobalSection(ProjectConfigurationPlatforms) = postSolution
		{45B933E9-0576-4B9B-B3E3-73CB7B7BACBA}.Debug|Any CPU.ActiveCfg = Debug|Any CPU
		{45B933E9-0576-4B9B-B3E3-73CB7B7BACBA}.Debug|Any CPU.Build.0 = Debug|Any CPU
		{45B933E9-0576-4B9B-B3E3-73CB7B7BACBA}.Release|Any CPU.ActiveCfg = Release|Any CPU
		{45B933E9-0576-4B9B-B3E3-73CB7B7BACBA}.Release|Any CPU.Build.0 = Release|Any CPU
	EndGlobalSection
	GlobalSection(SolutionProperties) = preSolution
		HideSolutionNode = FALSE
	EndGlobalSection
	GlobalSection(ExtensibilityGlobals) = postSolution
		SolutionGuid = {84957BD4-5310-4CF2-99AF-45E0957F7055}
	EndGlobalSection
EndGlobal
